{
  "name": "idaenglund-recipe-book",
  "version": "0.0.0",
  "lockfileVersion": 1,
  "requires": true,
  "dependencies": {
    "@webcomponents/custom-elements": {
      "version": "1.0.0-alpha.3",
      "resolved": "https://registry.npmjs.org/@webcomponents/custom-elements/-/custom-elements-1.0.0-alpha.3.tgz",
      "integrity": "sha1-NA2MyDB3MFQKySJ2yaSRSfb8ARY=",
      "dev": true
    },
    "clarity-angular": {
      "version": "0.10.25",
      "resolved": "https://registry.npmjs.org/clarity-angular/-/clarity-angular-0.10.25.tgz",
      "integrity": "sha512-L3/SHHwK5ls9ZVcQ2jjT++sulDmMquuKQRrnsubDVunJpXrBo/bhC8up55CS7TG+ZVlUDxhNmSz+gg9s1SzCGQ==",
      "dev": true
    },
    "clarity-icons": {
      "version": "0.10.25",
      "resolved": "https://registry.npmjs.org/clarity-icons/-/clarity-icons-0.10.25.tgz",
      "integrity": "sha512-rbyMsI5xJhBG1PAsFZXnyk0YKRAFdysJsHvrRIMTVehSbAPeZ479gVAM+X1mticTfsBc3O0Zq96cpO3bPelD1w==",
      "dev": true
    },
    "clarity-ui": {
      "version": "0.10.25",
      "resolved": "https://registry.npmjs.org/clarity-ui/-/clarity-ui-0.10.25.tgz",
      "integrity": "sha512-FEqI1PgsFEjqXhjh3iIG6Aystzt/bxb2+uhIs2w/VF7X6BCWlWLdSBVZ2xnUfSPTQ1/hzQZWCq7Riur7t+BrKw==",
      "dev": true
    },
    "mutationobserver-shim": {
      "version": "0.3.2",
      "resolved": "https://registry.npmjs.org/mutationobserver-shim/-/mutationobserver-shim-0.3.2.tgz",
      "integrity": "sha1-9NXa56SXGiIHkU+1qQ69UUtlrMo=",
      "dev": true
    }
  }
}
